
Microsoft Visual Studio Solution File, Format Version 12.00
# Visual Studio Version 17
VisualStudioVersion = 17.0.31903.59
MinimumVisualStudioVersion = 10.0.40219.1
Project("{F2A71F9B-5D33-465A-A702-920D77279786}") = "src", "src\src.fsproj", "{B14EE090-7D00-4A19-9610-03A4A12E3FE7}"
EndProject
Project("{F2A71F9B-5D33-465A-A702-920D77279786}") = "tests", "tests\tests.fsproj", "{DE6B08B7-1223-41EA-BC95-7523DDF84461}"
EndProject
Global
	GlobalSection(SolutionConfigurationPlatforms) = preSolution
		Debug|Any CPU = Debug|Any CPU
		Release|Any CPU = Release|Any CPU
	EndGlobalSection
	GlobalSection(SolutionProperties) = preSolution
		HideSolutionNode = FALSE
	EndGlobalSection
	GlobalSection(ProjectConfigurationPlatforms) = postSolution
		{B14EE090-7D00-4A19-9610-03A4A12E3FE7}.Debug|Any CPU.ActiveCfg = Debug|Any CPU
		{B14EE090-7D00-4A19-9610-03A4A12E3FE7}.Debug|Any CPU.Build.0 = Debug|Any CPU
		{B14EE090-7D00-4A19-9610-03A4A12E3FE7}.Release|Any CPU.ActiveCfg = Release|Any CPU
		{B14EE090-7D00-4A19-9610-03A4A12E3FE7}.Release|Any CPU.Build.0 = Release|Any CPU
		{DE6B08B7-1223-41EA-BC95-7523DDF84461}.Debug|Any CPU.ActiveCfg = Debug|Any CPU
		{DE6B08B7-1223-41EA-BC95-7523DDF84461}.Debug|Any CPU.Build.0 = Debug|Any CPU
		{DE6B08B7-1223-41EA-BC95-7523DDF84461}.Release|Any CPU.ActiveCfg = Release|Any CPU
		{DE6B08B7-1223-41EA-BC95-7523DDF84461}.Release|Any CPU.Build.0 = Release|Any CPU
	EndGlobalSection
EndGlobal
